// !$*UTF8*$!
{
	archiveVersion = 1;
	classes = {
	};
	objectVersion = 56;
	objects = {

/* Begin PBXBuildFile section */
		C71B66B62AAA02AD00F31616 /* AppDelegate.swift in Sources */ = {isa = PBXBuildFile; fileRef = C71B66B52AAA02AD00F31616 /* AppDelegate.swift */; };
		C71B66B82AAA02AD00F31616 /* SceneDelegate.swift in Sources */ = {isa = PBXBuildFile; fileRef = C71B66B72AAA02AD00F31616 /* SceneDelegate.swift */; };
		C71B66BF2AAA02AD00F31616 /* Assets.xcassets in Resources */ = {isa = PBXBuildFile; fileRef = C71B66BE2AAA02AD00F31616 /* Assets.xcassets */; };
		C71B66C22AAA02AD00F31616 /* LaunchScreen.storyboard in Resources */ = {isa = PBXBuildFile; fileRef = C71B66C02AAA02AD00F31616 /* LaunchScreen.storyboard */; };
		C71B66CB2AAA07A100F31616 /* SnapKit in Frameworks */ = {isa = PBXBuildFile; productRef = C71B66CA2AAA07A100F31616 /* SnapKit */; };
		C71B66CE2AAA07B600F31616 /* Realm in Frameworks */ = {isa = PBXBuildFile; productRef = C71B66CD2AAA07B600F31616 /* Realm */; };
		C71B66D02AAA07B600F31616 /* RealmSwift in Frameworks */ = {isa = PBXBuildFile; productRef = C71B66CF2AAA07B600F31616 /* RealmSwift */; };
		C71B66D52AAA1BE600F31616 /* APIKey.swift in Sources */ = {isa = PBXBuildFile; fileRef = C71B66D42AAA1BE600F31616 /* APIKey.swift */; };
		C71B66D92AAA23D000F31616 /* ShoppingRepository.swift in Sources */ = {isa = PBXBuildFile; fileRef = C71B66D82AAA23D000F31616 /* ShoppingRepository.swift */; };
		C71B66DC2AAB183600F31616 /* SearchQuery.swift in Sources */ = {isa = PBXBuildFile; fileRef = C71B66DB2AAB183600F31616 /* SearchQuery.swift */; };
		C71B66DE2AAB285700F31616 /* Product.swift in Sources */ = {isa = PBXBuildFile; fileRef = C71B66DD2AAB285700F31616 /* Product.swift */; };
		C71B66E02AAB390600F31616 /* BookmarkRepository.swift in Sources */ = {isa = PBXBuildFile; fileRef = C71B66DF2AAB390600F31616 /* BookmarkRepository.swift */; };
		C71B66E32AAB526E00F31616 /* SearchProductUseCase.swift in Sources */ = {isa = PBXBuildFile; fileRef = C71B66E22AAB526E00F31616 /* SearchProductUseCase.swift */; };
		C71B66E72AAB6FCB00F31616 /* DefaultShoppingRepository.swift in Sources */ = {isa = PBXBuildFile; fileRef = C71B66E62AAB6FCB00F31616 /* DefaultShoppingRepository.swift */; };
		C71B66EB2AAB720F00F31616 /* Endpoint.swift in Sources */ = {isa = PBXBuildFile; fileRef = C71B66EA2AAB720F00F31616 /* Endpoint.swift */; };
		C71B66ED2AAB722900F31616 /* NetworkConfiguration.swift in Sources */ = {isa = PBXBuildFile; fileRef = C71B66EC2AAB722900F31616 /* NetworkConfiguration.swift */; };
		C71B66EF2AAB723B00F31616 /* NetworkService.swift in Sources */ = {isa = PBXBuildFile; fileRef = C71B66EE2AAB723B00F31616 /* NetworkService.swift */; };
		C71B66F12AAB725C00F31616 /* DataTransferService.swift in Sources */ = {isa = PBXBuildFile; fileRef = C71B66F02AAB725C00F31616 /* DataTransferService.swift */; };
		C71B66F42AAC01BE00F31616 /* APIEndpoints.swift in Sources */ = {isa = PBXBuildFile; fileRef = C71B66F32AAC01BE00F31616 /* APIEndpoints.swift */; };
		C71B66F72AAC083300F31616 /* SearchRequestDTO.swift in Sources */ = {isa = PBXBuildFile; fileRef = C71B66F62AAC083300F31616 /* SearchRequestDTO.swift */; };
		C71B66FA2AAC0FA300F31616 /* SearchResponseDTO.swift in Sources */ = {isa = PBXBuildFile; fileRef = C71B66F92AAC0FA300F31616 /* SearchResponseDTO.swift */; };
		C71B66FD2AAC879800F31616 /* Rule.swift in Sources */ = {isa = PBXBuildFile; fileRef = C71B66FC2AAC879800F31616 /* Rule.swift */; };
		C71B66FF2AAC95B700F31616 /* RealmBookmarkRepository.swift in Sources */ = {isa = PBXBuildFile; fileRef = C71B66FE2AAC95B700F31616 /* RealmBookmarkRepository.swift */; };
		C71B67022AAD73E600F31616 /* CustomTabBarViewController.swift in Sources */ = {isa = PBXBuildFile; fileRef = C71B67012AAD73E600F31616 /* CustomTabBarViewController.swift */; };
		C71B67052AAD74E500F31616 /* ShoppingSceneDIContainer.swift in Sources */ = {isa = PBXBuildFile; fileRef = C71B67042AAD74E500F31616 /* ShoppingSceneDIContainer.swift */; };
		C71B67092AAD77DD00F31616 /* SearchViewController.swift in Sources */ = {isa = PBXBuildFile; fileRef = C71B67082AAD77DD00F31616 /* SearchViewController.swift */; };
		C71B670B2AAD77E600F31616 /* BookmarkViewController.swift in Sources */ = {isa = PBXBuildFile; fileRef = C71B670A2AAD77E600F31616 /* BookmarkViewController.swift */; };
		C71B670E2AAD81A100F31616 /* BaseViewController.swift in Sources */ = {isa = PBXBuildFile; fileRef = C71B670D2AAD81A100F31616 /* BaseViewController.swift */; };
		C71B67102AAD828A00F31616 /* ProductSearchListView.swift in Sources */ = {isa = PBXBuildFile; fileRef = C71B670F2AAD828A00F31616 /* ProductSearchListView.swift */; };
		C71B67132AAD91BF00F31616 /* ProductCollectionViewCell.swift in Sources */ = {isa = PBXBuildFile; fileRef = C71B67122AAD91BF00F31616 /* ProductCollectionViewCell.swift */; };
		C71B67162AADA3A400F31616 /* UIImageView+.swift in Sources */ = {isa = PBXBuildFile; fileRef = C71B67152AADA3A400F31616 /* UIImageView+.swift */; };
		C71B67182AADAD8700F31616 /* LikeButton.swift in Sources */ = {isa = PBXBuildFile; fileRef = C71B67172AADAD8700F31616 /* LikeButton.swift */; };
		C71B671D2AADC17D00F31616 /* SortCollectionViewCell.swift in Sources */ = {isa = PBXBuildFile; fileRef = C71B671C2AADC17D00F31616 /* SortCollectionViewCell.swift */; };
		C71B675B2AAEE68D00F31616 /* String+.swift in Sources */ = {isa = PBXBuildFile; fileRef = C71B675A2AAEE68D00F31616 /* String+.swift */; };
		C71B675D2AAF06E700F31616 /* SetBookmarkUseCase.swift in Sources */ = {isa = PBXBuildFile; fileRef = C71B675C2AAF06E700F31616 /* SetBookmarkUseCase.swift */; };
		C71B675F2AAF18A100F31616 /* DetailViewController.swift in Sources */ = {isa = PBXBuildFile; fileRef = C71B675E2AAF18A100F31616 /* DetailViewController.swift */; };
		C71B67622AAFE2CF00F31616 /* ProductListDelegateDatasource.swift in Sources */ = {isa = PBXBuildFile; fileRef = C71B67612AAFE2CF00F31616 /* ProductListDelegateDatasource.swift */; };
		C71B67702AB0B64500F31616 /* SortCollectionViewDeleDatasource.swift in Sources */ = {isa = PBXBuildFile; fileRef = C71B676F2AB0B64500F31616 /* SortCollectionViewDeleDatasource.swift */; };
		C71B67892AB2059000F31616 /* BookmarkSearchQuery.swift in Sources */ = {isa = PBXBuildFile; fileRef = C71B67882AB2059000F31616 /* BookmarkSearchQuery.swift */; };
		C77944D92B9EC021003FE400 /* ImageCacheManager.swift in Sources */ = {isa = PBXBuildFile; fileRef = C77944D82B9EC021003FE400 /* ImageCacheManager.swift */; };
		C77944DB2B9EEF50003FE400 /* ImageFetcher.swift in Sources */ = {isa = PBXBuildFile; fileRef = C77944DA2B9EEF50003FE400 /* ImageFetcher.swift */; };
		C7E5C8D12B9E04C4000449C7 /* TableProductCollectionViewCell.swift in Sources */ = {isa = PBXBuildFile; fileRef = C7E5C8D02B9E04C4000449C7 /* TableProductCollectionViewCell.swift */; };
/* End PBXBuildFile section */

/* Begin PBXFileReference section */
		C71B66B22AAA02AD00F31616 /* DefaultShopping.app */ = {isa = PBXFileReference; explicitFileType = wrapper.application; includeInIndex = 0; path = DefaultShopping.app; sourceTree = BUILT_PRODUCTS_DIR; };
		C71B66B52AAA02AD00F31616 /* AppDelegate.swift */ = {isa = PBXFileReference; lastKnownFileType = sourcecode.swift; path = AppDelegate.swift; sourceTree = "<group>"; };
		C71B66B72AAA02AD00F31616 /* SceneDelegate.swift */ = {isa = PBXFileReference; lastKnownFileType = sourcecode.swift; path = SceneDelegate.swift; sourceTree = "<group>"; };
		C71B66BE2AAA02AD00F31616 /* Assets.xcassets */ = {isa = PBXFileReference; lastKnownFileType = folder.assetcatalog; path = Assets.xcassets; sourceTree = "<group>"; };
		C71B66C12AAA02AD00F31616 /* Base */ = {isa = PBXFileReference; lastKnownFileType = file.storyboard; name = Base; path = Base.lproj/LaunchScreen.storyboard; sourceTree = "<group>"; };
		C71B66C32AAA02AD00F31616 /* Info.plist */ = {isa = PBXFileReference; lastKnownFileType = text.plist.xml; path = Info.plist; sourceTree = "<group>"; };
		C71B66D42AAA1BE600F31616 /* APIKey.swift */ = {isa = PBXFileReference; lastKnownFileType = sourcecode.swift; path = APIKey.swift; sourceTree = "<group>"; };
		C71B66D82AAA23D000F31616 /* ShoppingRepository.swift */ = {isa = PBXFileReference; lastKnownFileType = sourcecode.swift; path = ShoppingRepository.swift; sourceTree = "<group>"; };
		C71B66DB2AAB183600F31616 /* SearchQuery.swift */ = {isa = PBXFileReference; lastKnownFileType = sourcecode.swift; path = SearchQuery.swift; sourceTree = "<group>"; };
		C71B66DD2AAB285700F31616 /* Product.swift */ = {isa = PBXFileReference; lastKnownFileType = sourcecode.swift; path = Product.swift; sourceTree = "<group>"; };
		C71B66DF2AAB390600F31616 /* BookmarkRepository.swift */ = {isa = PBXFileReference; lastKnownFileType = sourcecode.swift; path = BookmarkRepository.swift; sourceTree = "<group>"; };
		C71B66E22AAB526E00F31616 /* SearchProductUseCase.swift */ = {isa = PBXFileReference; lastKnownFileType = sourcecode.swift; path = SearchProductUseCase.swift; sourceTree = "<group>"; };
		C71B66E62AAB6FCB00F31616 /* DefaultShoppingRepository.swift */ = {isa = PBXFileReference; lastKnownFileType = sourcecode.swift; path = DefaultShoppingRepository.swift; sourceTree = "<group>"; };
		C71B66EA2AAB720F00F31616 /* Endpoint.swift */ = {isa = PBXFileReference; lastKnownFileType = sourcecode.swift; path = Endpoint.swift; sourceTree = "<group>"; };
		C71B66EC2AAB722900F31616 /* NetworkConfiguration.swift */ = {isa = PBXFileReference; lastKnownFileType = sourcecode.swift; path = NetworkConfiguration.swift; sourceTree = "<group>"; };
		C71B66EE2AAB723B00F31616 /* NetworkService.swift */ = {isa = PBXFileReference; lastKnownFileType = sourcecode.swift; path = NetworkService.swift; sourceTree = "<group>"; };
		C71B66F02AAB725C00F31616 /* DataTransferService.swift */ = {isa = PBXFileReference; lastKnownFileType = sourcecode.swift; path = DataTransferService.swift; sourceTree = "<group>"; };
		C71B66F32AAC01BE00F31616 /* APIEndpoints.swift */ = {isa = PBXFileReference; lastKnownFileType = sourcecode.swift; path = APIEndpoints.swift; sourceTree = "<group>"; };
		C71B66F62AAC083300F31616 /* SearchRequestDTO.swift */ = {isa = PBXFileReference; lastKnownFileType = sourcecode.swift; path = SearchRequestDTO.swift; sourceTree = "<group>"; };
		C71B66F92AAC0FA300F31616 /* SearchResponseDTO.swift */ = {isa = PBXFileReference; lastKnownFileType = sourcecode.swift; path = SearchResponseDTO.swift; sourceTree = "<group>"; };
		C71B66FC2AAC879800F31616 /* Rule.swift */ = {isa = PBXFileReference; lastKnownFileType = sourcecode.swift; path = Rule.swift; sourceTree = "<group>"; };
		C71B66FE2AAC95B700F31616 /* RealmBookmarkRepository.swift */ = {isa = PBXFileReference; lastKnownFileType = sourcecode.swift; path = RealmBookmarkRepository.swift; sourceTree = "<group>"; };
		C71B67012AAD73E600F31616 /* CustomTabBarViewController.swift */ = {isa = PBXFileReference; lastKnownFileType = sourcecode.swift; path = CustomTabBarViewController.swift; sourceTree = "<group>"; };
		C71B67042AAD74E500F31616 /* ShoppingSceneDIContainer.swift */ = {isa = PBXFileReference; lastKnownFileType = sourcecode.swift; path = ShoppingSceneDIContainer.swift; sourceTree = "<group>"; };
		C71B67082AAD77DD00F31616 /* SearchViewController.swift */ = {isa = PBXFileReference; lastKnownFileType = sourcecode.swift; path = SearchViewController.swift; sourceTree = "<group>"; };
		C71B670A2AAD77E600F31616 /* BookmarkViewController.swift */ = {isa = PBXFileReference; lastKnownFileType = sourcecode.swift; path = BookmarkViewController.swift; sourceTree = "<group>"; };
		C71B670D2AAD81A100F31616 /* BaseViewController.swift */ = {isa = PBXFileReference; lastKnownFileType = sourcecode.swift; path = BaseViewController.swift; sourceTree = "<group>"; };
		C71B670F2AAD828A00F31616 /* ProductSearchListView.swift */ = {isa = PBXFileReference; lastKnownFileType = sourcecode.swift; path = ProductSearchListView.swift; sourceTree = "<group>"; };
		C71B67122AAD91BF00F31616 /* ProductCollectionViewCell.swift */ = {isa = PBXFileReference; lastKnownFileType = sourcecode.swift; path = ProductCollectionViewCell.swift; sourceTree = "<group>"; };
		C71B67152AADA3A400F31616 /* UIImageView+.swift */ = {isa = PBXFileReference; lastKnownFileType = sourcecode.swift; path = "UIImageView+.swift"; sourceTree = "<group>"; };
		C71B67172AADAD8700F31616 /* LikeButton.swift */ = {isa = PBXFileReference; lastKnownFileType = sourcecode.swift; path = LikeButton.swift; sourceTree = "<group>"; };
		C71B671C2AADC17D00F31616 /* SortCollectionViewCell.swift */ = {isa = PBXFileReference; lastKnownFileType = sourcecode.swift; path = SortCollectionViewCell.swift; sourceTree = "<group>"; };
		C71B675A2AAEE68D00F31616 /* String+.swift */ = {isa = PBXFileReference; lastKnownFileType = sourcecode.swift; path = "String+.swift"; sourceTree = "<group>"; };
		C71B675C2AAF06E700F31616 /* SetBookmarkUseCase.swift */ = {isa = PBXFileReference; lastKnownFileType = sourcecode.swift; path = SetBookmarkUseCase.swift; sourceTree = "<group>"; };
		C71B675E2AAF18A100F31616 /* DetailViewController.swift */ = {isa = PBXFileReference; lastKnownFileType = sourcecode.swift; path = DetailViewController.swift; sourceTree = "<group>"; };
		C71B67612AAFE2CF00F31616 /* ProductListDelegateDatasource.swift */ = {isa = PBXFileReference; lastKnownFileType = sourcecode.swift; path = ProductListDelegateDatasource.swift; sourceTree = "<group>"; };
		C71B676F2AB0B64500F31616 /* SortCollectionViewDeleDatasource.swift */ = {isa = PBXFileReference; lastKnownFileType = sourcecode.swift; path = SortCollectionViewDeleDatasource.swift; sourceTree = "<group>"; };
		C71B67882AB2059000F31616 /* BookmarkSearchQuery.swift */ = {isa = PBXFileReference; lastKnownFileType = sourcecode.swift; path = BookmarkSearchQuery.swift; sourceTree = "<group>"; };
		C77944D82B9EC021003FE400 /* ImageCacheManager.swift */ = {isa = PBXFileReference; lastKnownFileType = sourcecode.swift; path = ImageCacheManager.swift; sourceTree = "<group>"; };
		C77944DA2B9EEF50003FE400 /* ImageFetcher.swift */ = {isa = PBXFileReference; lastKnownFileType = sourcecode.swift; path = ImageFetcher.swift; sourceTree = "<group>"; };
		C7E5C8D02B9E04C4000449C7 /* TableProductCollectionViewCell.swift */ = {isa = PBXFileReference; lastKnownFileType = sourcecode.swift; path = TableProductCollectionViewCell.swift; sourceTree = "<group>"; };
/* End PBXFileReference section */

/* Begin PBXFrameworksBuildPhase section */
		C71B66AF2AAA02AD00F31616 /* Frameworks */ = {
			isa = PBXFrameworksBuildPhase;
			buildActionMask = 2147483647;
			files = (
				C71B66D02AAA07B600F31616 /* RealmSwift in Frameworks */,
				C71B66CE2AAA07B600F31616 /* Realm in Frameworks */,
				C71B66CB2AAA07A100F31616 /* SnapKit in Frameworks */,
			);
			runOnlyForDeploymentPostprocessing = 0;
		};
/* End PBXFrameworksBuildPhase section */

/* Begin PBXGroup section */
		C71B66A92AAA02AC00F31616 = {
			isa = PBXGroup;
			children = (
				C71B66B42AAA02AD00F31616 /* DefaultShopping */,
				C71B66B32AAA02AD00F31616 /* Products */,
			);
			sourceTree = "<group>";
		};
		C71B66B32AAA02AD00F31616 /* Products */ = {
			isa = PBXGroup;
			children = (
				C71B66B22AAA02AD00F31616 /* DefaultShopping.app */,
			);
			name = Products;
			sourceTree = "<group>";
		};
		C71B66B42AAA02AD00F31616 /* DefaultShopping */ = {
			isa = PBXGroup;
			children = (
				C71B66D32AAA192E00F31616 /* Resource */,
				C71B66D22AAA192900F31616 /* Source */,
			);
			path = DefaultShopping;
			sourceTree = "<group>";
		};
		C71B66D12AAA192000F31616 /* App */ = {
			isa = PBXGroup;
			children = (
				C71B67032AAD74CC00F31616 /* DI */,
				C71B66B52AAA02AD00F31616 /* AppDelegate.swift */,
				C71B66B72AAA02AD00F31616 /* SceneDelegate.swift */,
			);
			path = App;
			sourceTree = "<group>";
		};
		C71B66D22AAA192900F31616 /* Source */ = {
			isa = PBXGroup;
			children = (
				C71B67142AADA39000F31616 /* Extension */,
				C71B67002AAD73C900F31616 /* Presentation */,
				C71B66FB2AAC878A00F31616 /* Common */,
				C71B66E92AAB71B800F31616 /* Network */,
				C71B66E42AAB6F8E00F31616 /* Data */,
				C71B66D62AAA23A500F31616 /* Domain */,
				C71B66D12AAA192000F31616 /* App */,
				C71B66D42AAA1BE600F31616 /* APIKey.swift */,
			);
			path = Source;
			sourceTree = "<group>";
		};
		C71B66D32AAA192E00F31616 /* Resource */ = {
			isa = PBXGroup;
			children = (
				C71B66BE2AAA02AD00F31616 /* Assets.xcassets */,
				C71B66C02AAA02AD00F31616 /* LaunchScreen.storyboard */,
				C71B66C32AAA02AD00F31616 /* Info.plist */,
			);
			path = Resource;
			sourceTree = "<group>";
		};
		C71B66D62AAA23A500F31616 /* Domain */ = {
			isa = PBXGroup;
			children = (
				C71B66E12AAB42D700F31616 /* UseCases */,
				C71B66DA2AAB175B00F31616 /* Entities */,
				C71B66D72AAA23B300F31616 /* Repositories */,
			);
			path = Domain;
			sourceTree = "<group>";
		};
		C71B66D72AAA23B300F31616 /* Repositories */ = {
			isa = PBXGroup;
			children = (
				C71B66D82AAA23D000F31616 /* ShoppingRepository.swift */,
				C71B66DF2AAB390600F31616 /* BookmarkRepository.swift */,
			);
			path = Repositories;
			sourceTree = "<group>";
		};
		C71B66DA2AAB175B00F31616 /* Entities */ = {
			isa = PBXGroup;
			children = (
				C71B66DB2AAB183600F31616 /* SearchQuery.swift */,
				C71B66DD2AAB285700F31616 /* Product.swift */,
				C71B67882AB2059000F31616 /* BookmarkSearchQuery.swift */,
			);
			path = Entities;
			sourceTree = "<group>";
		};
		C71B66E12AAB42D700F31616 /* UseCases */ = {
			isa = PBXGroup;
			children = (
				C71B66E22AAB526E00F31616 /* SearchProductUseCase.swift */,
				C71B675C2AAF06E700F31616 /* SetBookmarkUseCase.swift */,
			);
			path = UseCases;
			sourceTree = "<group>";
		};
		C71B66E42AAB6F8E00F31616 /* Data */ = {
			isa = PBXGroup;
			children = (
				C71B66F52AAC074500F31616 /* DTO */,
				C71B66F22AAC01B000F31616 /* APIEndpoints */,
				C71B66E52AAB6F9F00F31616 /* Repositories */,
			);
			path = Data;
			sourceTree = "<group>";
		};
		C71B66E52AAB6F9F00F31616 /* Repositories */ = {
			isa = PBXGroup;
			children = (
				C71B66E62AAB6FCB00F31616 /* DefaultShoppingRepository.swift */,
				C71B66FE2AAC95B700F31616 /* RealmBookmarkRepository.swift */,
			);
			path = Repositories;
			sourceTree = "<group>";
		};
		C71B66E92AAB71B800F31616 /* Network */ = {
			isa = PBXGroup;
			children = (
				C71B66EA2AAB720F00F31616 /* Endpoint.swift */,
				C71B66EC2AAB722900F31616 /* NetworkConfiguration.swift */,
				C71B66EE2AAB723B00F31616 /* NetworkService.swift */,
				C71B66F02AAB725C00F31616 /* DataTransferService.swift */,
			);
			path = Network;
			sourceTree = "<group>";
		};
		C71B66F22AAC01B000F31616 /* APIEndpoints */ = {
			isa = PBXGroup;
			children = (
				C71B66F32AAC01BE00F31616 /* APIEndpoints.swift */,
			);
			path = APIEndpoints;
			sourceTree = "<group>";
		};
		C71B66F52AAC074500F31616 /* DTO */ = {
			isa = PBXGroup;
			children = (
				C71B66F82AAC0F9400F31616 /* Search */,
			);
			path = DTO;
			sourceTree = "<group>";
		};
		C71B66F82AAC0F9400F31616 /* Search */ = {
			isa = PBXGroup;
			children = (
				C71B66F62AAC083300F31616 /* SearchRequestDTO.swift */,
				C71B66F92AAC0FA300F31616 /* SearchResponseDTO.swift */,
			);
			path = Search;
			sourceTree = "<group>";
		};
		C71B66FB2AAC878A00F31616 /* Common */ = {
			isa = PBXGroup;
			children = (
				C71B66FC2AAC879800F31616 /* Rule.swift */,
			);
			path = Common;
			sourceTree = "<group>";
		};
		C71B67002AAD73C900F31616 /* Presentation */ = {
			isa = PBXGroup;
			children = (
				C77944D72B9EC013003FE400 /* ImageCaching */,
				C71B67602AAFE2B700F31616 /* DatasourceDelegate */,
				C71B67212AADE21B00F31616 /* ViewControllers */,
				C71B67112AAD919E00F31616 /* ProductCollectionView */,
				C71B670C2AAD819300F31616 /* Base */,
			);
			path = Presentation;
			sourceTree = "<group>";
		};
		C71B67032AAD74CC00F31616 /* DI */ = {
			isa = PBXGroup;
			children = (
				C71B67042AAD74E500F31616 /* ShoppingSceneDIContainer.swift */,
			);
			path = DI;
			sourceTree = "<group>";
		};
		C71B670C2AAD819300F31616 /* Base */ = {
			isa = PBXGroup;
			children = (
				C71B670D2AAD81A100F31616 /* BaseViewController.swift */,
			);
			path = Base;
			sourceTree = "<group>";
		};
		C71B67112AAD919E00F31616 /* ProductCollectionView */ = {
			isa = PBXGroup;
			children = (
				C71B671B2AADC16E00F31616 /* SortCell */,
				C71B671A2AADC16700F31616 /* ProductCell */,
				C71B670F2AAD828A00F31616 /* ProductSearchListView.swift */,
			);
			path = ProductCollectionView;
			sourceTree = "<group>";
		};
		C71B67142AADA39000F31616 /* Extension */ = {
			isa = PBXGroup;
			children = (
				C71B67152AADA3A400F31616 /* UIImageView+.swift */,
				C71B675A2AAEE68D00F31616 /* String+.swift */,
			);
			path = Extension;
			sourceTree = "<group>";
		};
		C71B671A2AADC16700F31616 /* ProductCell */ = {
			isa = PBXGroup;
			children = (
				C71B67172AADAD8700F31616 /* LikeButton.swift */,
				C71B67122AAD91BF00F31616 /* ProductCollectionViewCell.swift */,
				C7E5C8D02B9E04C4000449C7 /* TableProductCollectionViewCell.swift */,
			);
			path = ProductCell;
			sourceTree = "<group>";
		};
		C71B671B2AADC16E00F31616 /* SortCell */ = {
			isa = PBXGroup;
			children = (
				C71B671C2AADC17D00F31616 /* SortCollectionViewCell.swift */,
			);
			path = SortCell;
			sourceTree = "<group>";
		};
		C71B67212AADE21B00F31616 /* ViewControllers */ = {
			isa = PBXGroup;
			children = (
				C71B67012AAD73E600F31616 /* CustomTabBarViewController.swift */,
				C71B67082AAD77DD00F31616 /* SearchViewController.swift */,
				C71B670A2AAD77E600F31616 /* BookmarkViewController.swift */,
				C71B675E2AAF18A100F31616 /* DetailViewController.swift */,
			);
			path = ViewControllers;
			sourceTree = "<group>";
		};
		C71B67602AAFE2B700F31616 /* DatasourceDelegate */ = {
			isa = PBXGroup;
			children = (
				C71B67612AAFE2CF00F31616 /* ProductListDelegateDatasource.swift */,
				C71B676F2AB0B64500F31616 /* SortCollectionViewDeleDatasource.swift */,
			);
			path = DatasourceDelegate;
			sourceTree = "<group>";
		};
		C77944D72B9EC013003FE400 /* ImageCaching */ = {
			isa = PBXGroup;
			children = (
				C77944D82B9EC021003FE400 /* ImageCacheManager.swift */,
				C77944DA2B9EEF50003FE400 /* ImageFetcher.swift */,
			);
			path = ImageCaching;
			sourceTree = "<group>";
		};
/* End PBXGroup section */

/* Begin PBXNativeTarget section */
		C71B66B12AAA02AD00F31616 /* DefaultShopping */ = {
			isa = PBXNativeTarget;
			buildConfigurationList = C71B66C62AAA02AD00F31616 /* Build configuration list for PBXNativeTarget "DefaultShopping" */;
			buildPhases = (
				C71B66AE2AAA02AD00F31616 /* Sources */,
				C71B66AF2AAA02AD00F31616 /* Frameworks */,
				C71B66B02AAA02AD00F31616 /* Resources */,
			);
			buildRules = (
			);
			dependencies = (
			);
			name = DefaultShopping;
			packageProductDependencies = (
				C71B66CA2AAA07A100F31616 /* SnapKit */,
				C71B66CD2AAA07B600F31616 /* Realm */,
				C71B66CF2AAA07B600F31616 /* RealmSwift */,
			);
			productName = DefaultShopping;
			productReference = C71B66B22AAA02AD00F31616 /* DefaultShopping.app */;
			productType = "com.apple.product-type.application";
		};
/* End PBXNativeTarget section */

/* Begin PBXProject section */
		C71B66AA2AAA02AC00F31616 /* Project object */ = {
			isa = PBXProject;
			attributes = {
				BuildIndependentTargetsInParallel = 1;
				LastSwiftUpdateCheck = 1430;
				LastUpgradeCheck = 1430;
				TargetAttributes = {
					C71B66B12AAA02AD00F31616 = {
						CreatedOnToolsVersion = 14.3.1;
					};
				};
			};
			buildConfigurationList = C71B66AD2AAA02AC00F31616 /* Build configuration list for PBXProject "DefaultShopping" */;
			compatibilityVersion = "Xcode 14.0";
			developmentRegion = en;
			hasScannedForEncodings = 0;
			knownRegions = (
				en,
				Base,
			);
			mainGroup = C71B66A92AAA02AC00F31616;
			packageReferences = (
				C71B66C92AAA07A100F31616 /* XCRemoteSwiftPackageReference "SnapKit" */,
				C71B66CC2AAA07B600F31616 /* XCRemoteSwiftPackageReference "realm-swift" */,
			);
			productRefGroup = C71B66B32AAA02AD00F31616 /* Products */;
			projectDirPath = "";
			projectRoot = "";
			targets = (
				C71B66B12AAA02AD00F31616 /* DefaultShopping */,
			);
		};
/* End PBXProject section */

/* Begin PBXResourcesBuildPhase section */
		C71B66B02AAA02AD00F31616 /* Resources */ = {
			isa = PBXResourcesBuildPhase;
			buildActionMask = 2147483647;
			files = (
				C71B66C22AAA02AD00F31616 /* LaunchScreen.storyboard in Resources */,
				C71B66BF2AAA02AD00F31616 /* Assets.xcassets in Resources */,
			);
			runOnlyForDeploymentPostprocessing = 0;
		};
/* End PBXResourcesBuildPhase section */

/* Begin PBXSourcesBuildPhase section */
		C71B66AE2AAA02AD00F31616 /* Sources */ = {
			isa = PBXSourcesBuildPhase;
			buildActionMask = 2147483647;
			files = (
				C71B675F2AAF18A100F31616 /* DetailViewController.swift in Sources */,
				C71B67162AADA3A400F31616 /* UIImageView+.swift in Sources */,
				C71B670B2AAD77E600F31616 /* BookmarkViewController.swift in Sources */,
				C71B671D2AADC17D00F31616 /* SortCollectionViewCell.swift in Sources */,
				C71B66F42AAC01BE00F31616 /* APIEndpoints.swift in Sources */,
				C71B66FA2AAC0FA300F31616 /* SearchResponseDTO.swift in Sources */,
				C71B67892AB2059000F31616 /* BookmarkSearchQuery.swift in Sources */,
				C71B670E2AAD81A100F31616 /* BaseViewController.swift in Sources */,
				C77944DB2B9EEF50003FE400 /* ImageFetcher.swift in Sources */,
				C71B66F12AAB725C00F31616 /* DataTransferService.swift in Sources */,
				C71B66FD2AAC879800F31616 /* Rule.swift in Sources */,
				C71B67622AAFE2CF00F31616 /* ProductListDelegateDatasource.swift in Sources */,
				C71B67052AAD74E500F31616 /* ShoppingSceneDIContainer.swift in Sources */,
				C71B67702AB0B64500F31616 /* SortCollectionViewDeleDatasource.swift in Sources */,
				C71B66E02AAB390600F31616 /* BookmarkRepository.swift in Sources */,
				C71B67022AAD73E600F31616 /* CustomTabBarViewController.swift in Sources */,
				C71B67182AADAD8700F31616 /* LikeButton.swift in Sources */,
				C71B66E32AAB526E00F31616 /* SearchProductUseCase.swift in Sources */,
				C71B66FF2AAC95B700F31616 /* RealmBookmarkRepository.swift in Sources */,
				C71B66B62AAA02AD00F31616 /* AppDelegate.swift in Sources */,
				C7E5C8D12B9E04C4000449C7 /* TableProductCollectionViewCell.swift in Sources */,
				C77944D92B9EC021003FE400 /* ImageCacheManager.swift in Sources */,
				C71B67102AAD828A00F31616 /* ProductSearchListView.swift in Sources */,
				C71B66E72AAB6FCB00F31616 /* DefaultShoppingRepository.swift in Sources */,
				C71B67092AAD77DD00F31616 /* SearchViewController.swift in Sources */,
				C71B66F72AAC083300F31616 /* SearchRequestDTO.swift in Sources */,
				C71B66DC2AAB183600F31616 /* SearchQuery.swift in Sources */,
				C71B66D92AAA23D000F31616 /* ShoppingRepository.swift in Sources */,
				C71B66D52AAA1BE600F31616 /* APIKey.swift in Sources */,
				C71B675B2AAEE68D00F31616 /* String+.swift in Sources */,
				C71B66B82AAA02AD00F31616 /* SceneDelegate.swift in Sources */,
				C71B66EB2AAB720F00F31616 /* Endpoint.swift in Sources */,
				C71B66DE2AAB285700F31616 /* Product.swift in Sources */,
				C71B67132AAD91BF00F31616 /* ProductCollectionViewCell.swift in Sources */,
				C71B66EF2AAB723B00F31616 /* NetworkService.swift in Sources */,
				C71B675D2AAF06E700F31616 /* SetBookmarkUseCase.swift in Sources */,
				C71B66ED2AAB722900F31616 /* NetworkConfiguration.swift in Sources */,
			);
			runOnlyForDeploymentPostprocessing = 0;
		};
/* End PBXSourcesBuildPhase section */

/* Begin PBXVariantGroup section */
		C71B66C02AAA02AD00F31616 /* LaunchScreen.storyboard */ = {
			isa = PBXVariantGroup;
			children = (
				C71B66C12AAA02AD00F31616 /* Base */,
			);
			name = LaunchScreen.storyboard;
			sourceTree = "<group>";
		};
/* End PBXVariantGroup section */

/* Begin XCBuildConfiguration section */
		C71B66C42AAA02AD00F31616 /* Debug */ = {
			isa = XCBuildConfiguration;
			buildSettings = {
				ALWAYS_SEARCH_USER_PATHS = NO;
				CLANG_ANALYZER_NONNULL = YES;
				CLANG_ANALYZER_NUMBER_OBJECT_CONVERSION = YES_AGGRESSIVE;
				CLANG_CXX_LANGUAGE_STANDARD = "gnu++20";
				CLANG_ENABLE_MODULES = YES;
				CLANG_ENABLE_OBJC_ARC = YES;
				CLANG_ENABLE_OBJC_WEAK = YES;
				CLANG_WARN_BLOCK_CAPTURE_AUTORELEASING = YES;
				CLANG_WARN_BOOL_CONVERSION = YES;
				CLANG_WARN_COMMA = YES;
				CLANG_WARN_CONSTANT_CONVERSION = YES;
				CLANG_WARN_DEPRECATED_OBJC_IMPLEMENTATIONS = YES;
				CLANG_WARN_DIRECT_OBJC_ISA_USAGE = YES_ERROR;
				CLANG_WARN_DOCUMENTATION_COMMENTS = YES;
				CLANG_WARN_EMPTY_BODY = YES;
				CLANG_WARN_ENUM_CONVERSION = YES;
				CLANG_WARN_INFINITE_RECURSION = YES;
				CLANG_WARN_INT_CONVERSION = YES;
				CLANG_WARN_NON_LITERAL_NULL_CONVERSION = YES;
				CLANG_WARN_OBJC_IMPLICIT_RETAIN_SELF = YES;
				CLANG_WARN_OBJC_LITERAL_CONVERSION = YES;
				CLANG_WARN_OBJC_ROOT_CLASS = YES_ERROR;
				CLANG_WARN_QUOTED_INCLUDE_IN_FRAMEWORK_HEADER = YES;
				CLANG_WARN_RANGE_LOOP_ANALYSIS = YES;
				CLANG_WARN_STRICT_PROTOTYPES = YES;
				CLANG_WARN_SUSPICIOUS_MOVE = YES;
				CLANG_WARN_UNGUARDED_AVAILABILITY = YES_AGGRESSIVE;
				CLANG_WARN_UNREACHABLE_CODE = YES;
				CLANG_WARN__DUPLICATE_METHOD_MATCH = YES;
				COPY_PHASE_STRIP = NO;
				DEBUG_INFORMATION_FORMAT = dwarf;
				ENABLE_STRICT_OBJC_MSGSEND = YES;
				ENABLE_TESTABILITY = YES;
				GCC_C_LANGUAGE_STANDARD = gnu11;
				GCC_DYNAMIC_NO_PIC = NO;
				GCC_NO_COMMON_BLOCKS = YES;
				GCC_OPTIMIZATION_LEVEL = 0;
				GCC_PREPROCESSOR_DEFINITIONS = (
					"DEBUG=1",
					"$(inherited)",
				);
				GCC_WARN_64_TO_32_BIT_CONVERSION = YES;
				GCC_WARN_ABOUT_RETURN_TYPE = YES_ERROR;
				GCC_WARN_UNDECLARED_SELECTOR = YES;
				GCC_WARN_UNINITIALIZED_AUTOS = YES_AGGRESSIVE;
				GCC_WARN_UNUSED_FUNCTION = YES;
				GCC_WARN_UNUSED_VARIABLE = YES;
				IPHONEOS_DEPLOYMENT_TARGET = 16.4;
				MTL_ENABLE_DEBUG_INFO = INCLUDE_SOURCE;
				MTL_FAST_MATH = YES;
				ONLY_ACTIVE_ARCH = YES;
				SDKROOT = iphoneos;
				SWIFT_ACTIVE_COMPILATION_CONDITIONS = DEBUG;
				SWIFT_OPTIMIZATION_LEVEL = "-Onone";
			};
			name = Debug;
		};
		C71B66C52AAA02AD00F31616 /* Release */ = {
			isa = XCBuildConfiguration;
			buildSettings = {
				ALWAYS_SEARCH_USER_PATHS = NO;
				CLANG_ANALYZER_NONNULL = YES;
				CLANG_ANALYZER_NUMBER_OBJECT_CONVERSION = YES_AGGRESSIVE;
				CLANG_CXX_LANGUAGE_STANDARD = "gnu++20";
				CLANG_ENABLE_MODULES = YES;
				CLANG_ENABLE_OBJC_ARC = YES;
				CLANG_ENABLE_OBJC_WEAK = YES;
				CLANG_WARN_BLOCK_CAPTURE_AUTORELEASING = YES;
				CLANG_WARN_BOOL_CONVERSION = YES;
				CLANG_WARN_COMMA = YES;
				CLANG_WARN_CONSTANT_CONVERSION = YES;
				CLANG_WARN_DEPRECATED_OBJC_IMPLEMENTATIONS = YES;
				CLANG_WARN_DIRECT_OBJC_ISA_USAGE = YES_ERROR;
				CLANG_WARN_DOCUMENTATION_COMMENTS = YES;
				CLANG_WARN_EMPTY_BODY = YES;
				CLANG_WARN_ENUM_CONVERSION = YES;
				CLANG_WARN_INFINITE_RECURSION = YES;
				CLANG_WARN_INT_CONVERSION = YES;
				CLANG_WARN_NON_LITERAL_NULL_CONVERSION = YES;
				CLANG_WARN_OBJC_IMPLICIT_RETAIN_SELF = YES;
				CLANG_WARN_OBJC_LITERAL_CONVERSION = YES;
				CLANG_WARN_OBJC_ROOT_CLASS = YES_ERROR;
				CLANG_WARN_QUOTED_INCLUDE_IN_FRAMEWORK_HEADER = YES;
				CLANG_WARN_RANGE_LOOP_ANALYSIS = YES;
				CLANG_WARN_STRICT_PROTOTYPES = YES;
				CLANG_WARN_SUSPICIOUS_MOVE = YES;
				CLANG_WARN_UNGUARDED_AVAILABILITY = YES_AGGRESSIVE;
				CLANG_WARN_UNREACHABLE_CODE = YES;
				CLANG_WARN__DUPLICATE_METHOD_MATCH = YES;
				COPY_PHASE_STRIP = NO;
				DEBUG_INFORMATION_FORMAT = "dwarf-with-dsym";
				ENABLE_NS_ASSERTIONS = NO;
				ENABLE_STRICT_OBJC_MSGSEND = YES;
				GCC_C_LANGUAGE_STANDARD = gnu11;
				GCC_NO_COMMON_BLOCKS = YES;
				GCC_WARN_64_TO_32_BIT_CONVERSION = YES;
				GCC_WARN_ABOUT_RETURN_TYPE = YES_ERROR;
				GCC_WARN_UNDECLARED_SELECTOR = YES;
				GCC_WARN_UNINITIALIZED_AUTOS = YES_AGGRESSIVE;
				GCC_WARN_UNUSED_FUNCTION = YES;
				GCC_WARN_UNUSED_VARIABLE = YES;
				IPHONEOS_DEPLOYMENT_TARGET = 16.4;
				MTL_ENABLE_DEBUG_INFO = NO;
				MTL_FAST_MATH = YES;
				SDKROOT = iphoneos;
				SWIFT_COMPILATION_MODE = wholemodule;
				SWIFT_OPTIMIZATION_LEVEL = "-O";
				VALIDATE_PRODUCT = YES;
			};
			name = Release;
		};
		C71B66C72AAA02AD00F31616 /* Debug */ = {
			isa = XCBuildConfiguration;
			buildSettings = {
				ASSETCATALOG_COMPILER_APPICON_NAME = AppIcon;
				ASSETCATALOG_COMPILER_GLOBAL_ACCENT_COLOR_NAME = AccentColor;
				CODE_SIGN_STYLE = Automatic;
				CURRENT_PROJECT_VERSION = 1;
				DEVELOPMENT_TEAM = SBAHW5F54N;
				GENERATE_INFOPLIST_FILE = YES;
				INFOPLIST_FILE = DefaultShopping/Resource/Info.plist;
				INFOPLIST_KEY_CFBundleDisplayName = "김준환";
				INFOPLIST_KEY_UIApplicationSupportsIndirectInputEvents = YES;
				INFOPLIST_KEY_UILaunchStoryboardName = LaunchScreen;
				INFOPLIST_KEY_UISupportedInterfaceOrientations = UIInterfaceOrientationPortrait;
				INFOPLIST_KEY_UISupportedInterfaceOrientations_iPad = "UIInterfaceOrientationLandscapeLeft UIInterfaceOrientationLandscapeRight UIInterfaceOrientationPortrait UIInterfaceOrientationPortraitUpsideDown";
				IPHONEOS_DEPLOYMENT_TARGET = 15.0;
				LD_RUNPATH_SEARCH_PATHS = (
					"$(inherited)",
					"@executable_path/Frameworks",
				);
				MARKETING_VERSION = 1.0;
				PRODUCT_BUNDLE_IDENTIFIER = com.kimjunhwan.DefaultShopping;
				PRODUCT_NAME = "$(TARGET_NAME)";
				SUPPORTED_PLATFORMS = "iphoneos iphonesimulator";
				SUPPORTS_MACCATALYST = NO;
				SUPPORTS_MAC_DESIGNED_FOR_IPHONE_IPAD = NO;
				SWIFT_EMIT_LOC_STRINGS = YES;
				SWIFT_VERSION = 5.0;
				TARGETED_DEVICE_FAMILY = 1;
			};
			name = Debug;
		};
		C71B66C82AAA02AD00F31616 /* Release */ = {
			isa = XCBuildConfiguration;
			buildSettings = {
				ASSETCATALOG_COMPILER_APPICON_NAME = AppIcon;
				ASSETCATALOG_COMPILER_GLOBAL_ACCENT_COLOR_NAME = AccentColor;
				CODE_SIGN_STYLE = Automatic;
				CURRENT_PROJECT_VERSION = 1;
				DEVELOPMENT_TEAM = SBAHW5F54N;
				GENERATE_INFOPLIST_FILE = YES;
				INFOPLIST_FILE = DefaultShopping/Resource/Info.plist;
				INFOPLIST_KEY_CFBundleDisplayName = "김준환";
				INFOPLIST_KEY_UIApplicationSupportsIndirectInputEvents = YES;
				INFOPLIST_KEY_UILaunchStoryboardName = LaunchScreen;
				INFOPLIST_KEY_UISupportedInterfaceOrientations = UIInterfaceOrientationPortrait;
				INFOPLIST_KEY_UISupportedInterfaceOrientations_iPad = "UIInterfaceOrientationLandscapeLeft UIInterfaceOrientationLandscapeRight UIInterfaceOrientationPortrait UIInterfaceOrientationPortraitUpsideDown";
				IPHONEOS_DEPLOYMENT_TARGET = 15.0;
				LD_RUNPATH_SEARCH_PATHS = (
					"$(inherited)",
					"@executable_path/Frameworks",
				);
				MARKETING_VERSION = 1.0;
				PRODUCT_BUNDLE_IDENTIFIER = com.kimjunhwan.DefaultShopping;
				PRODUCT_NAME = "$(TARGET_NAME)";
				SUPPORTED_PLATFORMS = "iphoneos iphonesimulator";
				SUPPORTS_MACCATALYST = NO;
				SUPPORTS_MAC_DESIGNED_FOR_IPHONE_IPAD = NO;
				SWIFT_EMIT_LOC_STRINGS = YES;
				SWIFT_VERSION = 5.0;
				TARGETED_DEVICE_FAMILY = 1;
			};
			name = Release;
		};
/* End XCBuildConfiguration section */

/* Begin XCConfigurationList section */
		C71B66AD2AAA02AC00F31616 /* Build configuration list for PBXProject "DefaultShopping" */ = {
			isa = XCConfigurationList;
			buildConfigurations = (
				C71B66C42AAA02AD00F31616 /* Debug */,
				C71B66C52AAA02AD00F31616 /* Release */,
			);
			defaultConfigurationIsVisible = 0;
			defaultConfigurationName = Release;
		};
		C71B66C62AAA02AD00F31616 /* Build configuration list for PBXNativeTarget "DefaultShopping" */ = {
			isa = XCConfigurationList;
			buildConfigurations = (
				C71B66C72AAA02AD00F31616 /* Debug */,
				C71B66C82AAA02AD00F31616 /* Release */,
			);
			defaultConfigurationIsVisible = 0;
			defaultConfigurationName = Release;
		};
/* End XCConfigurationList section */

/* Begin XCRemoteSwiftPackageReference section */
		C71B66C92AAA07A100F31616 /* XCRemoteSwiftPackageReference "SnapKit" */ = {
			isa = XCRemoteSwiftPackageReference;
			repositoryURL = "https://github.com/SnapKit/SnapKit.git";
			requirement = {
				kind = upToNextMajorVersion;
				minimumVersion = 5.0.0;
			};
		};
		C71B66CC2AAA07B600F31616 /* XCRemoteSwiftPackageReference "realm-swift" */ = {
			isa = XCRemoteSwiftPackageReference;
			repositoryURL = "https://github.com/realm/realm-swift.git";
			requirement = {
				branch = master;
				kind = branch;
			};
		};
/* End XCRemoteSwiftPackageReference section */

/* Begin XCSwiftPackageProductDependency section */
		C71B66CA2AAA07A100F31616 /* SnapKit */ = {
			isa = XCSwiftPackageProductDependency;
			package = C71B66C92AAA07A100F31616 /* XCRemoteSwiftPackageReference "SnapKit" */;
			productName = SnapKit;
		};
		C71B66CD2AAA07B600F31616 /* Realm */ = {
			isa = XCSwiftPackageProductDependency;
			package = C71B66CC2AAA07B600F31616 /* XCRemoteSwiftPackageReference "realm-swift" */;
			productName = Realm;
		};
		C71B66CF2AAA07B600F31616 /* RealmSwift */ = {
			isa = XCSwiftPackageProductDependency;
			package = C71B66CC2AAA07B600F31616 /* XCRemoteSwiftPackageReference "realm-swift" */;
			productName = RealmSwift;
		};
/* End XCSwiftPackageProductDependency section */
	};
	rootObject = C71B66AA2AAA02AC00F31616 /* Project object */;
}
